// !$*UTF8*$!
{
	archiveVersion = 1;
	classes = {
	};
	objectVersion = 50;
	objects = {

/* Begin PBXBuildFile section */
		FFF4A06226A2AD9B009CD271 /* AppDelegate.swift in Sources */ = {isa = PBXBuildFile; fileRef = FFF4A06126A2AD9B009CD271 /* AppDelegate.swift */; };
		FFF4A06426A2AD9B009CD271 /* SceneDelegate.swift in Sources */ = {isa = PBXBuildFile; fileRef = FFF4A06326A2AD9B009CD271 /* SceneDelegate.swift */; };
		FFF4A06626A2AD9B009CD271 /* ContentView.swift in Sources */ = {isa = PBXBuildFile; fileRef = FFF4A06526A2AD9B009CD271 /* ContentView.swift */; };
		FFF4A06926A2AD9B009CD271 /* coredata_vs_realm.xcdatamodeld in Sources */ = {isa = PBXBuildFile; fileRef = FFF4A06726A2AD9B009CD271 /* coredata_vs_realm.xcdatamodeld */; };
		FFF4A06B26A2AD9C009CD271 /* Assets.xcassets in Resources */ = {isa = PBXBuildFile; fileRef = FFF4A06A26A2AD9C009CD271 /* Assets.xcassets */; };
		FFF4A06E26A2AD9C009CD271 /* Preview Assets.xcassets in Resources */ = {isa = PBXBuildFile; fileRef = FFF4A06D26A2AD9C009CD271 /* Preview Assets.xcassets */; };
		FFF4A07126A2AD9C009CD271 /* LaunchScreen.storyboard in Resources */ = {isa = PBXBuildFile; fileRef = FFF4A06F26A2AD9C009CD271 /* LaunchScreen.storyboard */; };
/* End PBXBuildFile section */

/* Begin PBXFileReference section */
		FFF4A05E26A2AD9B009CD271 /* coredata-vs-realm.app */ = {isa = PBXFileReference; explicitFileType = wrapper.application; includeInIndex = 0; path = "coredata-vs-realm.app"; sourceTree = BUILT_PRODUCTS_DIR; };
		FFF4A06126A2AD9B009CD271 /* AppDelegate.swift */ = {isa = PBXFileReference; lastKnownFileType = sourcecode.swift; path = AppDelegate.swift; sourceTree = "<group>"; };
		FFF4A06326A2AD9B009CD271 /* SceneDelegate.swift */ = {isa = PBXFileReference; lastKnownFileType = sourcecode.swift; path = SceneDelegate.swift; sourceTree = "<group>"; };
		FFF4A06526A2AD9B009CD271 /* ContentView.swift */ = {isa = PBXFileReference; lastKnownFileType = sourcecode.swift; path = ContentView.swift; sourceTree = "<group>"; };
		FFF4A06826A2AD9B009CD271 /* coredata_vs_realm.xcdatamodel */ = {isa = PBXFileReference; lastKnownFileType = wrapper.xcdatamodel; path = coredata_vs_realm.xcdatamodel; sourceTree = "<group>"; };
		FFF4A06A26A2AD9C009CD271 /* Assets.xcassets */ = {isa = PBXFileReference; lastKnownFileType = folder.assetcatalog; path = Assets.xcassets; sourceTree = "<group>"; };
		FFF4A06D26A2AD9C009CD271 /* Preview Assets.xcassets */ = {isa = PBXFileReference; lastKnownFileType = folder.assetcatalog; path = "Preview Assets.xcassets"; sourceTree = "<group>"; };
		FFF4A07026A2AD9C009CD271 /* Base */ = {isa = PBXFileReference; lastKnownFileType = file.storyboard; name = Base; path = Base.lproj/LaunchScreen.storyboard; sourceTree = "<group>"; };
		FFF4A07226A2AD9C009CD271 /* Info.plist */ = {isa = PBXFileReference; lastKnownFileType = text.plist.xml; path = Info.plist; sourceTree = "<group>"; };
/* End PBXFileReference section */

/* Begin PBXFrameworksBuildPhase section */
		FFF4A05B26A2AD9B009CD271 /* Frameworks */ = {
			isa = PBXFrameworksBuildPhase;
			buildActionMask = 2147483647;
			files = (
			);
			runOnlyForDeploymentPostprocessing = 0;
		};
/* End PBXFrameworksBuildPhase section */

/* Begin PBXGroup section */
		FFF4A05526A2AD9B009CD271 = {
			isa = PBXGroup;
			children = (
				FFF4A06026A2AD9B009CD271 /* coredata-vs-realm */,
				FFF4A05F26A2AD9B009CD271 /* Products */,
			);
			sourceTree = "<group>";
		};
		FFF4A05F26A2AD9B009CD271 /* Products */ = {
			isa = PBXGroup;
			children = (
				FFF4A05E26A2AD9B009CD271 /* coredata-vs-realm.app */,
			);
			name = Products;
			sourceTree = "<group>";
		};
		FFF4A06026A2AD9B009CD271 /* coredata-vs-realm */ = {
			isa = PBXGroup;
			children = (
				FFF4A06126A2AD9B009CD271 /* AppDelegate.swift */,
				FFF4A06326A2AD9B009CD271 /* SceneDelegate.swift */,
				FFF4A06526A2AD9B009CD271 /* ContentView.swift */,
				FFF4A06A26A2AD9C009CD271 /* Assets.xcassets */,
				FFF4A06F26A2AD9C009CD271 /* LaunchScreen.storyboard */,
				FFF4A07226A2AD9C009CD271 /* Info.plist */,
				FFF4A06726A2AD9B009CD271 /* coredata_vs_realm.xcdatamodeld */,
				FFF4A06C26A2AD9C009CD271 /* Preview Content */,
			);
			path = "coredata-vs-realm";
			sourceTree = "<group>";
		};
		FFF4A06C26A2AD9C009CD271 /* Preview Content */ = {
			isa = PBXGroup;
			children = (
				FFF4A06D26A2AD9C009CD271 /* Preview Assets.xcassets */,
			);
			path = "Preview Content";
			sourceTree = "<group>";
		};
/* End PBXGroup section */

/* Begin PBXNativeTarget section */
		FFF4A05D26A2AD9B009CD271 /* coredata-vs-realm */ = {
			isa = PBXNativeTarget;
			buildConfigurationList = FFF4A07526A2AD9C009CD271 /* Build configuration list for PBXNativeTarget "coredata-vs-realm" */;
			buildPhases = (
				FFF4A05A26A2AD9B009CD271 /* Sources */,
				FFF4A05B26A2AD9B009CD271 /* Frameworks */,
				FFF4A05C26A2AD9B009CD271 /* Resources */,
			);
			buildRules = (
			);
			dependencies = (
			);
			name = "coredata-vs-realm";
			productName = "coredata-vs-realm";
			productReference = FFF4A05E26A2AD9B009CD271 /* coredata-vs-realm.app */;
			productType = "com.apple.product-type.application";
		};
/* End PBXNativeTarget section */

/* Begin PBXProject section */
		FFF4A05626A2AD9B009CD271 /* Project object */ = {
			isa = PBXProject;
			attributes = {
				LastSwiftUpdateCheck = 1250;
				LastUpgradeCheck = 1250;
				TargetAttributes = {
					FFF4A05D26A2AD9B009CD271 = {
						CreatedOnToolsVersion = 12.5.1;
					};
				};
			};
			buildConfigurationList = FFF4A05926A2AD9B009CD271 /* Build configuration list for PBXProject "coredata-vs-realm" */;
			compatibilityVersion = "Xcode 9.3";
			developmentRegion = en;
			hasScannedForEncodings = 0;
			knownRegions = (
				en,
				Base,
			);
			mainGroup = FFF4A05526A2AD9B009CD271;
			productRefGroup = FFF4A05F26A2AD9B009CD271 /* Products */;
			projectDirPath = "";
			projectRoot = "";
			targets = (
				FFF4A05D26A2AD9B009CD271 /* coredata-vs-realm */,
			);
		};
/* End PBXProject section */

/* Begin PBXResourcesBuildPhase section */
		FFF4A05C26A2AD9B009CD271 /* Resources */ = {
			isa = PBXResourcesBuildPhase;
			buildActionMask = 2147483647;
			files = (
				FFF4A07126A2AD9C009CD271 /* LaunchScreen.storyboard in Resources */,
				FFF4A06E26A2AD9C009CD271 /* Preview Assets.xcassets in Resources */,
				FFF4A06B26A2AD9C009CD271 /* Assets.xcassets in Resources */,
			);
			runOnlyForDeploymentPostprocessing = 0;
		};
/* End PBXResourcesBuildPhase section */

/* Begin PBXSourcesBuildPhase section */
		FFF4A05A26A2AD9B009CD271 /* Sources */ = {
			isa = PBXSourcesBuildPhase;
			buildActionMask = 2147483647;
			files = (
				FFF4A06226A2AD9B009CD271 /* AppDelegate.swift in Sources */,
				FFF4A06926A2AD9B009CD271 /* coredata_vs_realm.xcdatamodeld in Sources */,
				FFF4A06426A2AD9B009CD271 /* SceneDelegate.swift in Sources */,
				FFF4A06626A2AD9B009CD271 /* ContentView.swift in Sources */,
			);
			runOnlyForDeploymentPostprocessing = 0;
		};
/* End PBXSourcesBuildPhase section */

/* Begin PBXVariantGroup section */
		FFF4A06F26A2AD9C009CD271 /* LaunchScreen.storyboard */ = {
			isa = PBXVariantGroup;
			children = (
				FFF4A07026A2AD9C009CD271 /* Base */,
			);
			name = LaunchScreen.storyboard;
			sourceTree = "<group>";
		};
/* End PBXVariantGroup section */

/* Begin XCBuildConfiguration section */
		FFF4A07326A2AD9C009CD271 /* Debug */ = {
			isa = XCBuildConfiguration;
			buildSettings = {
				ALWAYS_SEARCH_USER_PATHS = NO;
				CLANG_ANALYZER_NONNULL = YES;
				CLANG_ANALYZER_NUMBER_OBJECT_CONVERSION = YES_AGGRESSIVE;
				CLANG_CXX_LANGUAGE_STANDARD = "gnu++14";
				CLANG_CXX_LIBRARY = "libc++";
				CLANG_ENABLE_MODULES = YES;
				CLANG_ENABLE_OBJC_ARC = YES;
				CLANG_ENABLE_OBJC_WEAK = YES;
				CLANG_WARN_BLOCK_CAPTURE_AUTORELEASING = YES;
				CLANG_WARN_BOOL_CONVERSION = YES;
				CLANG_WARN_COMMA = YES;
				CLANG_WARN_CONSTANT_CONVERSION = YES;
				CLANG_WARN_DEPRECATED_OBJC_IMPLEMENTATIONS = YES;
				CLANG_WARN_DIRECT_OBJC_ISA_USAGE = YES_ERROR;
				CLANG_WARN_DOCUMENTATION_COMMENTS = YES;
				CLANG_WARN_EMPTY_BODY = YES;
				CLANG_WARN_ENUM_CONVERSION = YES;
				CLANG_WARN_INFINITE_RECURSION = YES;
				CLANG_WARN_INT_CONVERSION = YES;
				CLANG_WARN_NON_LITERAL_NULL_CONVERSION = YES;
				CLANG_WARN_OBJC_IMPLICIT_RETAIN_SELF = YES;
				CLANG_WARN_OBJC_LITERAL_CONVERSION = YES;
				CLANG_WARN_OBJC_ROOT_CLASS = YES_ERROR;
				CLANG_WARN_QUOTED_INCLUDE_IN_FRAMEWORK_HEADER = YES;
				CLANG_WARN_RANGE_LOOP_ANALYSIS = YES;
				CLANG_WARN_STRICT_PROTOTYPES = YES;
				CLANG_WARN_SUSPICIOUS_MOVE = YES;
				CLANG_WARN_UNGUARDED_AVAILABILITY = YES_AGGRESSIVE;
				CLANG_WARN_UNREACHABLE_CODE = YES;
				CLANG_WARN__DUPLICATE_METHOD_MATCH = YES;
				COPY_PHASE_STRIP = NO;
				DEBUG_INFORMATION_FORMAT = dwarf;
				ENABLE_STRICT_OBJC_MSGSEND = YES;
				ENABLE_TESTABILITY = YES;
				GCC_C_LANGUAGE_STANDARD = gnu11;
				GCC_DYNAMIC_NO_PIC = NO;
				GCC_NO_COMMON_BLOCKS = YES;
				GCC_OPTIMIZATION_LEVEL = 0;
				GCC_PREPROCESSOR_DEFINITIONS = (
					"DEBUG=1",
					"$(inherited)",
				);
				GCC_WARN_64_TO_32_BIT_CONVERSION = YES;
				GCC_WARN_ABOUT_RETURN_TYPE = YES_ERROR;
				GCC_WARN_UNDECLARED_SELECTOR = YES;
				GCC_WARN_UNINITIALIZED_AUTOS = YES_AGGRESSIVE;
				GCC_WARN_UNUSED_FUNCTION = YES;
				GCC_WARN_UNUSED_VARIABLE = YES;
				IPHONEOS_DEPLOYMENT_TARGET = 14.5;
				MTL_ENABLE_DEBUG_INFO = INCLUDE_SOURCE;
				MTL_FAST_MATH = YES;
				ONLY_ACTIVE_ARCH = YES;
				SDKROOT = iphoneos;
				SWIFT_ACTIVE_COMPILATION_CONDITIONS = DEBUG;
				SWIFT_OPTIMIZATION_LEVEL = "-Onone";
			};
			name = Debug;
		};
		FFF4A07426A2AD9C009CD271 /* Release */ = {
			isa = XCBuildConfiguration;
			buildSettings = {
				ALWAYS_SEARCH_USER_PATHS = NO;
				CLANG_ANALYZER_NONNULL = YES;
				CLANG_ANALYZER_NUMBER_OBJECT_CONVERSION = YES_AGGRESSIVE;
				CLANG_CXX_LANGUAGE_STANDARD = "gnu++14";
				CLANG_CXX_LIBRARY = "libc++";
				CLANG_ENABLE_MODULES = YES;
				CLANG_ENABLE_OBJC_ARC = YES;
				CLANG_ENABLE_OBJC_WEAK = YES;
				CLANG_WARN_BLOCK_CAPTURE_AUTORELEASING = YES;
				CLANG_WARN_BOOL_CONVERSION = YES;
				CLANG_WARN_COMMA = YES;
				CLANG_WARN_CONSTANT_CONVERSION = YES;
				CLANG_WARN_DEPRECATED_OBJC_IMPLEMENTATIONS = YES;
				CLANG_WARN_DIRECT_OBJC_ISA_USAGE = YES_ERROR;
				CLANG_WARN_DOCUMENTATION_COMMENTS = YES;
				CLANG_WARN_EMPTY_BODY = YES;
				CLANG_WARN_ENUM_CONVERSION = YES;
				CLANG_WARN_INFINITE_RECURSION = YES;
				CLANG_WARN_INT_CONVERSION = YES;
				CLANG_WARN_NON_LITERAL_NULL_CONVERSION = YES;
				CLANG_WARN_OBJC_IMPLICIT_RETAIN_SELF = YES;
				CLANG_WARN_OBJC_LITERAL_CONVERSION = YES;
				CLANG_WARN_OBJC_ROOT_CLASS = YES_ERROR;
				CLANG_WARN_QUOTED_INCLUDE_IN_FRAMEWORK_HEADER = YES;
				CLANG_WARN_RANGE_LOOP_ANALYSIS = YES;
				CLANG_WARN_STRICT_PROTOTYPES = YES;
				CLANG_WARN_SUSPICIOUS_MOVE = YES;
				CLANG_WARN_UNGUARDED_AVAILABILITY = YES_AGGRESSIVE;
				CLANG_WARN_UNREACHABLE_CODE = YES;
				CLANG_WARN__DUPLICATE_METHOD_MATCH = YES;
				COPY_PHASE_STRIP = NO;
				DEBUG_INFORMATION_FORMAT = "dwarf-with-dsym";
				ENABLE_NS_ASSERTIONS = NO;
				ENABLE_STRICT_OBJC_MSGSEND = YES;
				GCC_C_LANGUAGE_STANDARD = gnu11;
				GCC_NO_COMMON_BLOCKS = YES;
				GCC_WARN_64_TO_32_BIT_CONVERSION = YES;
				GCC_WARN_ABOUT_RETURN_TYPE = YES_ERROR;
				GCC_WARN_UNDECLARED_SELECTOR = YES;
				GCC_WARN_UNINITIALIZED_AUTOS = YES_AGGRESSIVE;
				GCC_WARN_UNUSED_FUNCTION = YES;
				GCC_WARN_UNUSED_VARIABLE = YES;
				IPHONEOS_DEPLOYMENT_TARGET = 14.5;
				MTL_ENABLE_DEBUG_INFO = NO;
				MTL_FAST_MATH = YES;
				SDKROOT = iphoneos;
				SWIFT_COMPILATION_MODE = wholemodule;
				SWIFT_OPTIMIZATION_LEVEL = "-O";
				VALIDATE_PRODUCT = YES;
			};
			name = Release;
		};
		FFF4A07626A2AD9C009CD271 /* Debug */ = {
			isa = XCBuildConfiguration;
			buildSettings = {
				ASSETCATALOG_COMPILER_APPICON_NAME = AppIcon;
				ASSETCATALOG_COMPILER_GLOBAL_ACCENT_COLOR_NAME = AccentColor;
				CODE_SIGN_STYLE = Automatic;
				DEVELOPMENT_ASSET_PATHS = "\"coredata-vs-realm/Preview Content\"";
				ENABLE_PREVIEWS = YES;
				INFOPLIST_FILE = "coredata-vs-realm/Info.plist";
				LD_RUNPATH_SEARCH_PATHS = (
					"$(inherited)",
					"@executable_path/Frameworks",
				);
				PRODUCT_BUNDLE_IDENTIFIER = "at.coredata-vs-realm";
				PRODUCT_NAME = "$(TARGET_NAME)";
				SWIFT_VERSION = 5.0;
				TARGETED_DEVICE_FAMILY = "1,2";
			};
			name = Debug;
		};
		FFF4A07726A2AD9C009CD271 /* Release */ = {
			isa = XCBuildConfiguration;
			buildSettings = {
				ASSETCATALOG_COMPILER_APPICON_NAME = AppIcon;
				ASSETCATALOG_COMPILER_GLOBAL_ACCENT_COLOR_NAME = AccentColor;
				CODE_SIGN_STYLE = Automatic;
				DEVELOPMENT_ASSET_PATHS = "\"coredata-vs-realm/Preview Content\"";
				ENABLE_PREVIEWS = YES;
				INFOPLIST_FILE = "coredata-vs-realm/Info.plist";
				LD_RUNPATH_SEARCH_PATHS = (
					"$(inherited)",
					"@executable_path/Frameworks",
				);
				PRODUCT_BUNDLE_IDENTIFIER = "at.coredata-vs-realm";
				PRODUCT_NAME = "$(TARGET_NAME)";
				SWIFT_VERSION = 5.0;
				TARGETED_DEVICE_FAMILY = "1,2";
			};
			name = Release;
		};
/* End XCBuildConfiguration section */

/* Begin XCConfigurationList section */
		FFF4A05926A2AD9B009CD271 /* Build configuration list for PBXProject "coredata-vs-realm" */ = {
			isa = XCConfigurationList;
			buildConfigurations = (
				FFF4A07326A2AD9C009CD271 /* Debug */,
				FFF4A07426A2AD9C009CD271 /* Release */,
			);
			defaultConfigurationIsVisible = 0;
			defaultConfigurationName = Release;
		};
		FFF4A07526A2AD9C009CD271 /* Build configuration list for PBXNativeTarget "coredata-vs-realm" */ = {
			isa = XCConfigurationList;
			buildConfigurations = (
				FFF4A07626A2AD9C009CD271 /* Debug */,
				FFF4A07726A2AD9C009CD271 /* Release */,
			);
			defaultConfigurationIsVisible = 0;
			defaultConfigurationName = Release;
		};
/* End XCConfigurationList section */

/* Begin XCVersionGroup section */
		FFF4A06726A2AD9B009CD271 /* coredata_vs_realm.xcdatamodeld */ = {
			isa = XCVersionGroup;
			children = (
				FFF4A06826A2AD9B009CD271 /* coredata_vs_realm.xcdatamodel */,
			);
			currentVersion = FFF4A06826A2AD9B009CD271 /* coredata_vs_realm.xcdatamodel */;
			path = coredata_vs_realm.xcdatamodeld;
			sourceTree = "<group>";
			versionGroupType = wrapper.xcdatamodel;
		};
/* End XCVersionGroup section */
	};
	rootObject = FFF4A05626A2AD9B009CD271 /* Project object */;
}
